// !$*UTF8*$!
{
	archiveVersion = 1;
	classes = {
	};
	objectVersion = 46;
	objects = {

/* Begin PBXBuildFile section */
		840FF63E1F32456B008F2DDA /* main.m in Sources */ = {isa = PBXBuildFile; fileRef = 840FF63D1F32456B008F2DDA /* main.m */; };
		840FF6411F32456B008F2DDA /* AppDelegate.m in Sources */ = {isa = PBXBuildFile; fileRef = 840FF6401F32456B008F2DDA /* AppDelegate.m */; };
		840FF6441F32456B008F2DDA /* ViewController.m in Sources */ = {isa = PBXBuildFile; fileRef = 840FF6431F32456B008F2DDA /* ViewController.m */; };
		840FF6471F32456B008F2DDA /* Main.storyboard in Resources */ = {isa = PBXBuildFile; fileRef = 840FF6451F32456B008F2DDA /* Main.storyboard */; };
		840FF6491F32456B008F2DDA /* Assets.xcassets in Resources */ = {isa = PBXBuildFile; fileRef = 840FF6481F32456B008F2DDA /* Assets.xcassets */; };
		840FF64C1F32456B008F2DDA /* LaunchScreen.storyboard in Resources */ = {isa = PBXBuildFile; fileRef = 840FF64A1F32456B008F2DDA /* LaunchScreen.storyboard */; };
		840FF6571F32456B008F2DDA /* CalculatorTests.m in Sources */ = {isa = PBXBuildFile; fileRef = 840FF6561F32456B008F2DDA /* CalculatorTests.m */; };
		840FF6621F32456C008F2DDA /* CalculatorUITests.m in Sources */ = {isa = PBXBuildFile; fileRef = 840FF6611F32456C008F2DDA /* CalculatorUITests.m */; };
/* End PBXBuildFile section */

/* Begin PBXContainerItemProxy section */
		840FF6531F32456B008F2DDA /* PBXContainerItemProxy */ = {
			isa = PBXContainerItemProxy;
			containerPortal = 840FF6311F32456B008F2DDA /* Project object */;
			proxyType = 1;
			remoteGlobalIDString = 840FF6381F32456B008F2DDA;
			remoteInfo = Calculator;
		};
		840FF65E1F32456C008F2DDA /* PBXContainerItemProxy */ = {
			isa = PBXContainerItemProxy;
			containerPortal = 840FF6311F32456B008F2DDA /* Project object */;
			proxyType = 1;
			remoteGlobalIDString = 840FF6381F32456B008F2DDA;
			remoteInfo = Calculator;
		};
/* End PBXContainerItemProxy section */

/* Begin PBXFileReference section */
		840FF6391F32456B008F2DDA /* Calculator.app */ = {isa = PBXFileReference; explicitFileType = wrapper.application; includeInIndex = 0; path = Calculator.app; sourceTree = BUILT_PRODUCTS_DIR; };
		840FF63D1F32456B008F2DDA /* main.m */ = {isa = PBXFileReference; lastKnownFileType = sourcecode.c.objc; path = main.m; sourceTree = "<group>"; };
		840FF63F1F32456B008F2DDA /* AppDelegate.h */ = {isa = PBXFileReference; lastKnownFileType = sourcecode.c.h; path = AppDelegate.h; sourceTree = "<group>"; };
		840FF6401F32456B008F2DDA /* AppDelegate.m */ = {isa = PBXFileReference; lastKnownFileType = sourcecode.c.objc; path = AppDelegate.m; sourceTree = "<group>"; };
		840FF6421F32456B008F2DDA /* ViewController.h */ = {isa = PBXFileReference; lastKnownFileType = sourcecode.c.h; path = ViewController.h; sourceTree = "<group>"; };
		840FF6431F32456B008F2DDA /* ViewController.m */ = {isa = PBXFileReference; lastKnownFileType = sourcecode.c.objc; path = ViewController.m; sourceTree = "<group>"; };
		840FF6461F32456B008F2DDA /* Base */ = {isa = PBXFileReference; lastKnownFileType = file.storyboard; name = Base; path = Base.lproj/Main.storyboard; sourceTree = "<group>"; };
		840FF6481F32456B008F2DDA /* Assets.xcassets */ = {isa = PBXFileReference; lastKnownFileType = folder.assetcatalog; path = Assets.xcassets; sourceTree = "<group>"; };
		840FF64B1F32456B008F2DDA /* Base */ = {isa = PBXFileReference; lastKnownFileType = file.storyboard; name = Base; path = Base.lproj/LaunchScreen.storyboard; sourceTree = "<group>"; };
		840FF64D1F32456B008F2DDA /* Info.plist */ = {isa = PBXFileReference; lastKnownFileType = text.plist.xml; path = Info.plist; sourceTree = "<group>"; };
		840FF6521F32456B008F2DDA /* CalculatorTests.xctest */ = {isa = PBXFileReference; explicitFileType = wrapper.cfbundle; includeInIndex = 0; path = CalculatorTests.xctest; sourceTree = BUILT_PRODUCTS_DIR; };
		840FF6561F32456B008F2DDA /* CalculatorTests.m */ = {isa = PBXFileReference; lastKnownFileType = sourcecode.c.objc; path = CalculatorTests.m; sourceTree = "<group>"; };
		840FF6581F32456C008F2DDA /* Info.plist */ = {isa = PBXFileReference; lastKnownFileType = text.plist.xml; path = Info.plist; sourceTree = "<group>"; };
		840FF65D1F32456C008F2DDA /* CalculatorUITests.xctest */ = {isa = PBXFileReference; explicitFileType = wrapper.cfbundle; includeInIndex = 0; path = CalculatorUITests.xctest; sourceTree = BUILT_PRODUCTS_DIR; };
		840FF6611F32456C008F2DDA /* CalculatorUITests.m */ = {isa = PBXFileReference; lastKnownFileType = sourcecode.c.objc; path = CalculatorUITests.m; sourceTree = "<group>"; };
		840FF6631F32456C008F2DDA /* Info.plist */ = {isa = PBXFileReference; lastKnownFileType = text.plist.xml; path = Info.plist; sourceTree = "<group>"; };
/* End PBXFileReference section */

/* Begin PBXFrameworksBuildPhase section */
		840FF6361F32456B008F2DDA /* Frameworks */ = {
			isa = PBXFrameworksBuildPhase;
			buildActionMask = 2147483647;
			files = (
			);
			runOnlyForDeploymentPostprocessing = 0;
		};
		840FF64F1F32456B008F2DDA /* Frameworks */ = {
			isa = PBXFrameworksBuildPhase;
			buildActionMask = 2147483647;
			files = (
			);
			runOnlyForDeploymentPostprocessing = 0;
		};
		840FF65A1F32456C008F2DDA /* Frameworks */ = {
			isa = PBXFrameworksBuildPhase;
			buildActionMask = 2147483647;
			files = (
			);
			runOnlyForDeploymentPostprocessing = 0;
		};
/* End PBXFrameworksBuildPhase section */

/* Begin PBXGroup section */
		840FF6301F32456B008F2DDA = {
			isa = PBXGroup;
			children = (
				840FF63B1F32456B008F2DDA /* Calculator */,
				840FF6551F32456B008F2DDA /* CalculatorTests */,
				840FF6601F32456C008F2DDA /* CalculatorUITests */,
				840FF63A1F32456B008F2DDA /* Products */,
			);
			sourceTree = "<group>";
		};
		840FF63A1F32456B008F2DDA /* Products */ = {
			isa = PBXGroup;
			children = (
				840FF6391F32456B008F2DDA /* Calculator.app */,
				840FF6521F32456B008F2DDA /* CalculatorTests.xctest */,
				840FF65D1F32456C008F2DDA /* CalculatorUITests.xctest */,
			);
			name = Products;
			sourceTree = "<group>";
		};
		840FF63B1F32456B008F2DDA /* Calculator */ = {
			isa = PBXGroup;
			children = (
				840FF63F1F32456B008F2DDA /* AppDelegate.h */,
				840FF6401F32456B008F2DDA /* AppDelegate.m */,
				840FF6421F32456B008F2DDA /* ViewController.h */,
				840FF6431F32456B008F2DDA /* ViewController.m */,
				840FF6451F32456B008F2DDA /* Main.storyboard */,
				840FF6481F32456B008F2DDA /* Assets.xcassets */,
				840FF64A1F32456B008F2DDA /* LaunchScreen.storyboard */,
				840FF64D1F32456B008F2DDA /* Info.plist */,
				840FF63C1F32456B008F2DDA /* Supporting Files */,
			);
			path = Calculator;
			sourceTree = "<group>";
		};
		840FF63C1F32456B008F2DDA /* Supporting Files */ = {
			isa = PBXGroup;
			children = (
				840FF63D1F32456B008F2DDA /* main.m */,
			);
			name = "Supporting Files";
			sourceTree = "<group>";
		};
		840FF6551F32456B008F2DDA /* CalculatorTests */ = {
			isa = PBXGroup;
			children = (
				840FF6561F32456B008F2DDA /* CalculatorTests.m */,
				840FF6581F32456C008F2DDA /* Info.plist */,
			);
			path = CalculatorTests;
			sourceTree = "<group>";
		};
		840FF6601F32456C008F2DDA /* CalculatorUITests */ = {
			isa = PBXGroup;
			children = (
				840FF6611F32456C008F2DDA /* CalculatorUITests.m */,
				840FF6631F32456C008F2DDA /* Info.plist */,
			);
			path = CalculatorUITests;
			sourceTree = "<group>";
		};
/* End PBXGroup section */

/* Begin PBXNativeTarget section */
		840FF6381F32456B008F2DDA /* Calculator */ = {
			isa = PBXNativeTarget;
			buildConfigurationList = 840FF6661F32456C008F2DDA /* Build configuration list for PBXNativeTarget "Calculator" */;
			buildPhases = (
				840FF6351F32456B008F2DDA /* Sources */,
				840FF6361F32456B008F2DDA /* Frameworks */,
				840FF6371F32456B008F2DDA /* Resources */,
			);
			buildRules = (
			);
			dependencies = (
			);
			name = Calculator;
			productName = Calculator;
			productReference = 840FF6391F32456B008F2DDA /* Calculator.app */;
			productType = "com.apple.product-type.application";
		};
		840FF6511F32456B008F2DDA /* CalculatorTests */ = {
			isa = PBXNativeTarget;
			buildConfigurationList = 840FF6691F32456C008F2DDA /* Build configuration list for PBXNativeTarget "CalculatorTests" */;
			buildPhases = (
				840FF64E1F32456B008F2DDA /* Sources */,
				840FF64F1F32456B008F2DDA /* Frameworks */,
				840FF6501F32456B008F2DDA /* Resources */,
			);
			buildRules = (
			);
			dependencies = (
				840FF6541F32456B008F2DDA /* PBXTargetDependency */,
			);
			name = CalculatorTests;
			productName = CalculatorTests;
			productReference = 840FF6521F32456B008F2DDA /* CalculatorTests.xctest */;
			productType = "com.apple.product-type.bundle.unit-test";
		};
		840FF65C1F32456C008F2DDA /* CalculatorUITests */ = {
			isa = PBXNativeTarget;
			buildConfigurationList = 840FF66C1F32456C008F2DDA /* Build configuration list for PBXNativeTarget "CalculatorUITests" */;
			buildPhases = (
				840FF6591F32456C008F2DDA /* Sources */,
				840FF65A1F32456C008F2DDA /* Frameworks */,
				840FF65B1F32456C008F2DDA /* Resources */,
			);
			buildRules = (
			);
			dependencies = (
				840FF65F1F32456C008F2DDA /* PBXTargetDependency */,
			);
			name = CalculatorUITests;
			productName = CalculatorUITests;
			productReference = 840FF65D1F32456C008F2DDA /* CalculatorUITests.xctest */;
			productType = "com.apple.product-type.bundle.ui-testing";
		};
/* End PBXNativeTarget section */

/* Begin PBXProject section */
		840FF6311F32456B008F2DDA /* Project object */ = {
			isa = PBXProject;
			attributes = {
				LastUpgradeCheck = 0830;
				ORGANIZATIONNAME = Admin;
				TargetAttributes = {
					840FF6381F32456B008F2DDA = {
						CreatedOnToolsVersion = 8.3.3;
						ProvisioningStyle = Automatic;
					};
					840FF6511F32456B008F2DDA = {
						CreatedOnToolsVersion = 8.3.3;
						ProvisioningStyle = Automatic;
						TestTargetID = 840FF6381F32456B008F2DDA;
					};
					840FF65C1F32456C008F2DDA = {
						CreatedOnToolsVersion = 8.3.3;
						ProvisioningStyle = Automatic;
						TestTargetID = 840FF6381F32456B008F2DDA;
					};
				};
			};
			buildConfigurationList = 840FF6341F32456B008F2DDA /* Build configuration list for PBXProject "Calculator" */;
			compatibilityVersion = "Xcode 3.2";
			developmentRegion = English;
			hasScannedForEncodings = 0;
			knownRegions = (
				en,
				Base,
			);
			mainGroup = 840FF6301F32456B008F2DDA;
			productRefGroup = 840FF63A1F32456B008F2DDA /* Products */;
			projectDirPath = "";
			projectRoot = "";
			targets = (
				840FF6381F32456B008F2DDA /* Calculator */,
				840FF6511F32456B008F2DDA /* CalculatorTests */,
				840FF65C1F32456C008F2DDA /* CalculatorUITests */,
			);
		};
/* End PBXProject section */

/* Begin PBXResourcesBuildPhase section */
		840FF6371F32456B008F2DDA /* Resources */ = {
			isa = PBXResourcesBuildPhase;
			buildActionMask = 2147483647;
			files = (
				840FF64C1F32456B008F2DDA /* LaunchScreen.storyboard in Resources */,
				840FF6491F32456B008F2DDA /* Assets.xcassets in Resources */,
				840FF6471F32456B008F2DDA /* Main.storyboard in Resources */,
			);
			runOnlyForDeploymentPostprocessing = 0;
		};
		840FF6501F32456B008F2DDA /* Resources */ = {
			isa = PBXResourcesBuildPhase;
			buildActionMask = 2147483647;
			files = (
			);
			runOnlyForDeploymentPostprocessing = 0;
		};
		840FF65B1F32456C008F2DDA /* Resources */ = {
			isa = PBXResourcesBuildPhase;
			buildActionMask = 2147483647;
			files = (
			);
			runOnlyForDeploymentPostprocessing = 0;
		};
/* End PBXResourcesBuildPhase section */

/* Begin PBXSourcesBuildPhase section */
		840FF6351F32456B008F2DDA /* Sources */ = {
			isa = PBXSourcesBuildPhase;
			buildActionMask = 2147483647;
			files = (
				840FF6441F32456B008F2DDA /* ViewController.m in Sources */,
				840FF6411F32456B008F2DDA /* AppDelegate.m in Sources */,
				840FF63E1F32456B008F2DDA /* main.m in Sources */,
			);
			runOnlyForDeploymentPostprocessing = 0;
		};
		840FF64E1F32456B008F2DDA /* Sources */ = {
			isa = PBXSourcesBuildPhase;
			buildActionMask = 2147483647;
			files = (
				840FF6571F32456B008F2DDA /* CalculatorTests.m in Sources */,
			);
			runOnlyForDeploymentPostprocessing = 0;
		};
		840FF6591F32456C008F2DDA /* Sources */ = {
			isa = PBXSourcesBuildPhase;
			buildActionMask = 2147483647;
			files = (
				840FF6621F32456C008F2DDA /* CalculatorUITests.m in Sources */,
			);
			runOnlyForDeploymentPostprocessing = 0;
		};
/* End PBXSourcesBuildPhase section */

/* Begin PBXTargetDependency section */
		840FF6541F32456B008F2DDA /* PBXTargetDependency */ = {
			isa = PBXTargetDependency;
			target = 840FF6381F32456B008F2DDA /* Calculator */;
			targetProxy = 840FF6531F32456B008F2DDA /* PBXContainerItemProxy */;
		};
		840FF65F1F32456C008F2DDA /* PBXTargetDependency */ = {
			isa = PBXTargetDependency;
			target = 840FF6381F32456B008F2DDA /* Calculator */;
			targetProxy = 840FF65E1F32456C008F2DDA /* PBXContainerItemProxy */;
		};
/* End PBXTargetDependency section */

/* Begin PBXVariantGroup section */
		840FF6451F32456B008F2DDA /* Main.storyboard */ = {
			isa = PBXVariantGroup;
			children = (
				840FF6461F32456B008F2DDA /* Base */,
			);
			name = Main.storyboard;
			sourceTree = "<group>";
		};
		840FF64A1F32456B008F2DDA /* LaunchScreen.storyboard */ = {
			isa = PBXVariantGroup;
			children = (
				840FF64B1F32456B008F2DDA /* Base */,
			);
			name = LaunchScreen.storyboard;
			sourceTree = "<group>";
		};
/* End PBXVariantGroup section */

/* Begin XCBuildConfiguration section */
		840FF6641F32456C008F2DDA /* Debug */ = {
			isa = XCBuildConfiguration;
			buildSettings = {
				ALWAYS_SEARCH_USER_PATHS = NO;
				CLANG_ANALYZER_NONNULL = YES;
				CLANG_ANALYZER_NUMBER_OBJECT_CONVERSION = YES_AGGRESSIVE;
				CLANG_CXX_LANGUAGE_STANDARD = "gnu++0x";
				CLANG_CXX_LIBRARY = "libc++";
				CLANG_ENABLE_MODULES = YES;
				CLANG_ENABLE_OBJC_ARC = YES;
				CLANG_WARN_BOOL_CONVERSION = YES;
				CLANG_WARN_CONSTANT_CONVERSION = YES;
				CLANG_WARN_DIRECT_OBJC_ISA_USAGE = YES_ERROR;
				CLANG_WARN_DOCUMENTATION_COMMENTS = YES;
				CLANG_WARN_EMPTY_BODY = YES;
				CLANG_WARN_ENUM_CONVERSION = YES;
				CLANG_WARN_INFINITE_RECURSION = YES;
				CLANG_WARN_INT_CONVERSION = YES;
				CLANG_WARN_OBJC_ROOT_CLASS = YES_ERROR;
				CLANG_WARN_SUSPICIOUS_MOVE = YES;
				CLANG_WARN_UNREACHABLE_CODE = YES;
				CLANG_WARN__DUPLICATE_METHOD_MATCH = YES;
				"CODE_SIGN_IDENTITY[sdk=iphoneos*]" = "iPhone Developer";
				COPY_PHASE_STRIP = NO;
				DEBUG_INFORMATION_FORMAT = dwarf;
				ENABLE_STRICT_OBJC_MSGSEND = YES;
				ENABLE_TESTABILITY = YES;
				GCC_C_LANGUAGE_STANDARD = gnu99;
				GCC_DYNAMIC_NO_PIC = NO;
				GCC_NO_COMMON_BLOCKS = YES;
				GCC_OPTIMIZATION_LEVEL = 0;
				GCC_PREPROCESSOR_DEFINITIONS = (
					"DEBUG=1",
					"$(inherited)",
				);
				GCC_WARN_64_TO_32_BIT_CONVERSION = YES;
				GCC_WARN_ABOUT_RETURN_TYPE = YES_ERROR;
				GCC_WARN_UNDECLARED_SELECTOR = YES;
				GCC_WARN_UNINITIALIZED_AUTOS = YES_AGGRESSIVE;
				GCC_WARN_UNUSED_FUNCTION = YES;
				GCC_WARN_UNUSED_VARIABLE = YES;
				IPHONEOS_DEPLOYMENT_TARGET = 10.3;
				MTL_ENABLE_DEBUG_INFO = YES;
				ONLY_ACTIVE_ARCH = YES;
				SDKROOT = iphoneos;
				TARGETED_DEVICE_FAMILY = "1,2";
			};
			name = Debug;
		};
		840FF6651F32456C008F2DDA /* Release */ = {
			isa = XCBuildConfiguration;
			buildSettings = {
				ALWAYS_SEARCH_USER_PATHS = NO;
				CLANG_ANALYZER_NONNULL = YES;
				CLANG_ANALYZER_NUMBER_OBJECT_CONVERSION = YES_AGGRESSIVE;
				CLANG_CXX_LANGUAGE_STANDARD = "gnu++0x";
				CLANG_CXX_LIBRARY = "libc++";
				CLANG_ENABLE_MODULES = YES;
				CLANG_ENABLE_OBJC_ARC = YES;
				CLANG_WARN_BOOL_CONVERSION = YES;
				CLANG_WARN_CONSTANT_CONVERSION = YES;
				CLANG_WARN_DIRECT_OBJC_ISA_USAGE = YES_ERROR;
				CLANG_WARN_DOCUMENTATION_COMMENTS = YES;
				CLANG_WARN_EMPTY_BODY = YES;
				CLANG_WARN_ENUM_CONVERSION = YES;
				CLANG_WARN_INFINITE_RECURSION = YES;
				CLANG_WARN_INT_CONVERSION = YES;
				CLANG_WARN_OBJC_ROOT_CLASS = YES_ERROR;
				CLANG_WARN_SUSPICIOUS_MOVE = YES;
				CLANG_WARN_UNREACHABLE_CODE = YES;
				CLANG_WARN__DUPLICATE_METHOD_MATCH = YES;
				"CODE_SIGN_IDENTITY[sdk=iphoneos*]" = "iPhone Developer";
				COPY_PHASE_STRIP = NO;
				DEBUG_INFORMATION_FORMAT = "dwarf-with-dsym";
				ENABLE_NS_ASSERTIONS = NO;
				ENABLE_STRICT_OBJC_MSGSEND = YES;
				GCC_C_LANGUAGE_STANDARD = gnu99;
				GCC_NO_COMMON_BLOCKS = YES;
				GCC_WARN_64_TO_32_BIT_CONVERSION = YES;
				GCC_WARN_ABOUT_RETURN_TYPE = YES_ERROR;
				GCC_WARN_UNDECLARED_SELECTOR = YES;
				GCC_WARN_UNINITIALIZED_AUTOS = YES_AGGRESSIVE;
				GCC_WARN_UNUSED_FUNCTION = YES;
				GCC_WARN_UNUSED_VARIABLE = YES;
				IPHONEOS_DEPLOYMENT_TARGET = 10.3;
				MTL_ENABLE_DEBUG_INFO = NO;
				SDKROOT = iphoneos;
				TARGETED_DEVICE_FAMILY = "1,2";
				VALIDATE_PRODUCT = YES;
			};
			name = Release;
		};
		840FF6671F32456C008F2DDA /* Debug */ = {
			isa = XCBuildConfiguration;
			buildSettings = {
				ASSETCATALOG_COMPILER_APPICON_NAME = AppIcon;
				INFOPLIST_FILE = Calculator/Info.plist;
				LD_RUNPATH_SEARCH_PATHS = "$(inherited) @executable_path/Frameworks";
				PRODUCT_BUNDLE_IDENTIFIER = Hasher.Calculator;
				PRODUCT_NAME = "$(TARGET_NAME)";
			};
			name = Debug;
		};
		840FF6681F32456C008F2DDA /* Release */ = {
			isa = XCBuildConfiguration;
			buildSettings = {
				ASSETCATALOG_COMPILER_APPICON_NAME = AppIcon;
				INFOPLIST_FILE = Calculator/Info.plist;
				LD_RUNPATH_SEARCH_PATHS = "$(inherited) @executable_path/Frameworks";
				PRODUCT_BUNDLE_IDENTIFIER = Hasher.Calculator;
				PRODUCT_NAME = "$(TARGET_NAME)";
			};
			name = Release;
		};
		840FF66A1F32456C008F2DDA /* Debug */ = {
			isa = XCBuildConfiguration;
			buildSettings = {
				BUNDLE_LOADER = "$(TEST_HOST)";
				INFOPLIST_FILE = CalculatorTests/Info.plist;
				LD_RUNPATH_SEARCH_PATHS = "$(inherited) @executable_path/Frameworks @loader_path/Frameworks";
				PRODUCT_BUNDLE_IDENTIFIER = Hasher.CalculatorTests;
				PRODUCT_NAME = "$(TARGET_NAME)";
				TEST_HOST = "$(BUILT_PRODUCTS_DIR)/Calculator.app/Calculator";
			};
			name = Debug;
		};
		840FF66B1F32456C008F2DDA /* Release */ = {
			isa = XCBuildConfiguration;
			buildSettings = {
				BUNDLE_LOADER = "$(TEST_HOST)";
				INFOPLIST_FILE = CalculatorTests/Info.plist;
				LD_RUNPATH_SEARCH_PATHS = "$(inherited) @executable_path/Frameworks @loader_path/Frameworks";
				PRODUCT_BUNDLE_IDENTIFIER = Hasher.CalculatorTests;
				PRODUCT_NAME = "$(TARGET_NAME)";
				TEST_HOST = "$(BUILT_PRODUCTS_DIR)/Calculator.app/Calculator";
			};
			name = Release;
		};
		840FF66D1F32456C008F2DDA /* Debug */ = {
			isa = XCBuildConfiguration;
			buildSettings = {
				INFOPLIST_FILE = CalculatorUITests/Info.plist;
				LD_RUNPATH_SEARCH_PATHS = "$(inherited) @executable_path/Frameworks @loader_path/Frameworks";
				PRODUCT_BUNDLE_IDENTIFIER = Hasher.CalculatorUITests;
				PRODUCT_NAME = "$(TARGET_NAME)";
				TEST_TARGET_NAME = Calculator;
			};
			name = Debug;
		};
		840FF66E1F32456C008F2DDA /* Release */ = {
			isa = XCBuildConfiguration;
			buildSettings = {
				INFOPLIST_FILE = CalculatorUITests/Info.plist;
				LD_RUNPATH_SEARCH_PATHS = "$(inherited) @executable_path/Frameworks @loader_path/Frameworks";
				PRODUCT_BUNDLE_IDENTIFIER = Hasher.CalculatorUITests;
				PRODUCT_NAME = "$(TARGET_NAME)";
				TEST_TARGET_NAME = Calculator;
			};
			name = Release;
		};
/* End XCBuildConfiguration section */

/* Begin XCConfigurationList section */
		840FF6341F32456B008F2DDA /* Build configuration list for PBXProject "Calculator" */ = {
			isa = XCConfigurationList;
			buildConfigurations = (
				840FF6641F32456C008F2DDA /* Debug */,
				840FF6651F32456C008F2DDA /* Release */,
			);
			defaultConfigurationIsVisible = 0;
			defaultConfigurationName = Release;
		};
		840FF6661F32456C008F2DDA /* Build configuration list for PBXNativeTarget "Calculator" */ = {
			isa = XCConfigurationList;
			buildConfigurations = (
				840FF6671F32456C008F2DDA /* Debug */,
				840FF6681F32456C008F2DDA /* Release */,
			);
			defaultConfigurationIsVisible = 0;
		};
		840FF6691F32456C008F2DDA /* Build configuration list for PBXNativeTarget "CalculatorTests" */ = {
			isa = XCConfigurationList;
			buildConfigurations = (
				840FF66A1F32456C008F2DDA /* Debug */,
				840FF66B1F32456C008F2DDA /* Release */,
			);
			defaultConfigurationIsVisible = 0;
		};
		840FF66C1F32456C008F2DDA /* Build configuration list for PBXNativeTarget "CalculatorUITests" */ = {
			isa = XCConfigurationList;
			buildConfigurations = (
				840FF66D1F32456C008F2DDA /* Debug */,
				840FF66E1F32456C008F2DDA /* Release */,
			);
			defaultConfigurationIsVisible = 0;
		};
/* End XCConfigurationList section */
	};
	rootObject = 840FF6311F32456B008F2DDA /* Project object */;
}
